// !$*UTF8*$!
{
	archiveVersion = 1;
	classes = {
	};
	objectVersion = 55;
	objects = {

/* Begin PBXBuildFile section */
		8EFAECF327FD3B2A001E176C /* LoginViewController.swift in Sources */ = {isa = PBXBuildFile; fileRef = 8EFAECF227FD3B2A001E176C /* LoginViewController.swift */; };
		8EFAECF527FD3B4C001E176C /* HomeViewController.swift in Sources */ = {isa = PBXBuildFile; fileRef = 8EFAECF427FD3B4C001E176C /* HomeViewController.swift */; };
		AE5C613827EF95B500690476 /* AppDelegate.swift in Sources */ = {isa = PBXBuildFile; fileRef = AE5C613727EF95B500690476 /* AppDelegate.swift */; };
		AE5C613A27EF95B500690476 /* SceneDelegate.swift in Sources */ = {isa = PBXBuildFile; fileRef = AE5C613927EF95B500690476 /* SceneDelegate.swift */; };
		AE5C613F27EF95B500690476 /* Main.storyboard in Resources */ = {isa = PBXBuildFile; fileRef = AE5C613D27EF95B500690476 /* Main.storyboard */; };
		AE5C614127EF95BD00690476 /* Assets.xcassets in Resources */ = {isa = PBXBuildFile; fileRef = AE5C614027EF95BD00690476 /* Assets.xcassets */; };
		AE5C614427EF95BD00690476 /* LaunchScreen.storyboard in Resources */ = {isa = PBXBuildFile; fileRef = AE5C614227EF95BD00690476 /* LaunchScreen.storyboard */; };
		AE5C614F27EF95BE00690476 /* StudybuddyTests.swift in Sources */ = {isa = PBXBuildFile; fileRef = AE5C614E27EF95BE00690476 /* StudybuddyTests.swift */; };
		AE5C615927EF95BE00690476 /* StudybuddyUITests.swift in Sources */ = {isa = PBXBuildFile; fileRef = AE5C615827EF95BE00690476 /* StudybuddyUITests.swift */; };
		AE5C615B27EF95BE00690476 /* StudybuddyUITestsLaunchTests.swift in Sources */ = {isa = PBXBuildFile; fileRef = AE5C615A27EF95BE00690476 /* StudybuddyUITestsLaunchTests.swift */; };
		B19B7A932800E8DD00F5B897 /* ProfileViewController.swift in Sources */ = {isa = PBXBuildFile; fileRef = B19B7A922800E8DD00F5B897 /* ProfileViewController.swift */; };
		B19B7A952801329000F5B897 /* EditProfileViewController.swift in Sources */ = {isa = PBXBuildFile; fileRef = B19B7A942801329000F5B897 /* EditProfileViewController.swift */; };
		B19B7A972801611300F5B897 /* FriendsViewController.swift in Sources */ = {isa = PBXBuildFile; fileRef = B19B7A962801611300F5B897 /* FriendsViewController.swift */; };
		B19B7A992801613100F5B897 /* ChatViewController.swift in Sources */ = {isa = PBXBuildFile; fileRef = B19B7A982801613100F5B897 /* ChatViewController.swift */; };
		D7BB15BD6E8585D8DCA28C7C /* Pods_Studybuddy.framework in Frameworks */ = {isa = PBXBuildFile; fileRef = CA6DA11F363897793B0E8182 /* Pods_Studybuddy.framework */; };
/* End PBXBuildFile section */

/* Begin PBXContainerItemProxy section */
		AE5C614B27EF95BE00690476 /* PBXContainerItemProxy */ = {
			isa = PBXContainerItemProxy;
			containerPortal = AE5C612C27EF95B500690476 /* Project object */;
			proxyType = 1;
			remoteGlobalIDString = AE5C613327EF95B500690476;
			remoteInfo = Studybuddy;
		};
		AE5C615527EF95BE00690476 /* PBXContainerItemProxy */ = {
			isa = PBXContainerItemProxy;
			containerPortal = AE5C612C27EF95B500690476 /* Project object */;
			proxyType = 1;
			remoteGlobalIDString = AE5C613327EF95B500690476;
			remoteInfo = Studybuddy;
		};
/* End PBXContainerItemProxy section */

/* Begin PBXFileReference section */
		8992C0760D439A93D6F2E9BB /* Pods-Studybuddy.debug.xcconfig */ = {isa = PBXFileReference; includeInIndex = 1; lastKnownFileType = text.xcconfig; name = "Pods-Studybuddy.debug.xcconfig"; path = "Target Support Files/Pods-Studybuddy/Pods-Studybuddy.debug.xcconfig"; sourceTree = "<group>"; };
		8EFAECF227FD3B2A001E176C /* LoginViewController.swift */ = {isa = PBXFileReference; lastKnownFileType = sourcecode.swift; path = LoginViewController.swift; sourceTree = "<group>"; };
		8EFAECF427FD3B4C001E176C /* HomeViewController.swift */ = {isa = PBXFileReference; lastKnownFileType = sourcecode.swift; path = HomeViewController.swift; sourceTree = "<group>"; };
		AE5C613427EF95B500690476 /* Studybuddy.app */ = {isa = PBXFileReference; explicitFileType = wrapper.application; includeInIndex = 0; path = Studybuddy.app; sourceTree = BUILT_PRODUCTS_DIR; };
		AE5C613727EF95B500690476 /* AppDelegate.swift */ = {isa = PBXFileReference; lastKnownFileType = sourcecode.swift; path = AppDelegate.swift; sourceTree = "<group>"; };
		AE5C613927EF95B500690476 /* SceneDelegate.swift */ = {isa = PBXFileReference; lastKnownFileType = sourcecode.swift; path = SceneDelegate.swift; sourceTree = "<group>"; };
		AE5C613E27EF95B500690476 /* Base */ = {isa = PBXFileReference; lastKnownFileType = file.storyboard; name = Base; path = Base.lproj/Main.storyboard; sourceTree = "<group>"; };
		AE5C614027EF95BD00690476 /* Assets.xcassets */ = {isa = PBXFileReference; lastKnownFileType = folder.assetcatalog; path = Assets.xcassets; sourceTree = "<group>"; };
		AE5C614327EF95BD00690476 /* Base */ = {isa = PBXFileReference; lastKnownFileType = file.storyboard; name = Base; path = Base.lproj/LaunchScreen.storyboard; sourceTree = "<group>"; };
		AE5C614527EF95BD00690476 /* Info.plist */ = {isa = PBXFileReference; lastKnownFileType = text.plist.xml; path = Info.plist; sourceTree = "<group>"; };
		AE5C614A27EF95BE00690476 /* StudybuddyTests.xctest */ = {isa = PBXFileReference; explicitFileType = wrapper.cfbundle; includeInIndex = 0; path = StudybuddyTests.xctest; sourceTree = BUILT_PRODUCTS_DIR; };
		AE5C614E27EF95BE00690476 /* StudybuddyTests.swift */ = {isa = PBXFileReference; lastKnownFileType = sourcecode.swift; path = StudybuddyTests.swift; sourceTree = "<group>"; };
		AE5C615427EF95BE00690476 /* StudybuddyUITests.xctest */ = {isa = PBXFileReference; explicitFileType = wrapper.cfbundle; includeInIndex = 0; path = StudybuddyUITests.xctest; sourceTree = BUILT_PRODUCTS_DIR; };
		AE5C615827EF95BE00690476 /* StudybuddyUITests.swift */ = {isa = PBXFileReference; lastKnownFileType = sourcecode.swift; path = StudybuddyUITests.swift; sourceTree = "<group>"; };
		AE5C615A27EF95BE00690476 /* StudybuddyUITestsLaunchTests.swift */ = {isa = PBXFileReference; lastKnownFileType = sourcecode.swift; path = StudybuddyUITestsLaunchTests.swift; sourceTree = "<group>"; };
		B19B7A922800E8DD00F5B897 /* ProfileViewController.swift */ = {isa = PBXFileReference; lastKnownFileType = sourcecode.swift; path = ProfileViewController.swift; sourceTree = "<group>"; };
		B19B7A942801329000F5B897 /* EditProfileViewController.swift */ = {isa = PBXFileReference; lastKnownFileType = sourcecode.swift; path = EditProfileViewController.swift; sourceTree = "<group>"; };
		B19B7A962801611300F5B897 /* FriendsViewController.swift */ = {isa = PBXFileReference; lastKnownFileType = sourcecode.swift; path = FriendsViewController.swift; sourceTree = "<group>"; };
		B19B7A982801613100F5B897 /* ChatViewController.swift */ = {isa = PBXFileReference; lastKnownFileType = sourcecode.swift; path = ChatViewController.swift; sourceTree = "<group>"; };
		CA6DA11F363897793B0E8182 /* Pods_Studybuddy.framework */ = {isa = PBXFileReference; explicitFileType = wrapper.framework; includeInIndex = 0; path = Pods_Studybuddy.framework; sourceTree = BUILT_PRODUCTS_DIR; };
		D07C9A5CC6F9EF03373336CF /* Pods-Studybuddy.release.xcconfig */ = {isa = PBXFileReference; includeInIndex = 1; lastKnownFileType = text.xcconfig; name = "Pods-Studybuddy.release.xcconfig"; path = "Target Support Files/Pods-Studybuddy/Pods-Studybuddy.release.xcconfig"; sourceTree = "<group>"; };
/* End PBXFileReference section */

/* Begin PBXFrameworksBuildPhase section */
		AE5C613127EF95B500690476 /* Frameworks */ = {
			isa = PBXFrameworksBuildPhase;
			buildActionMask = 2147483647;
			files = (
				D7BB15BD6E8585D8DCA28C7C /* Pods_Studybuddy.framework in Frameworks */,
			);
			runOnlyForDeploymentPostprocessing = 0;
		};
		AE5C614727EF95BE00690476 /* Frameworks */ = {
			isa = PBXFrameworksBuildPhase;
			buildActionMask = 2147483647;
			files = (
			);
			runOnlyForDeploymentPostprocessing = 0;
		};
		AE5C615127EF95BE00690476 /* Frameworks */ = {
			isa = PBXFrameworksBuildPhase;
			buildActionMask = 2147483647;
			files = (
			);
			runOnlyForDeploymentPostprocessing = 0;
		};
/* End PBXFrameworksBuildPhase section */

/* Begin PBXGroup section */
		94C6AA434DF6586422880474 /* Pods */ = {
			isa = PBXGroup;
			children = (
				8992C0760D439A93D6F2E9BB /* Pods-Studybuddy.debug.xcconfig */,
				D07C9A5CC6F9EF03373336CF /* Pods-Studybuddy.release.xcconfig */,
			);
			path = Pods;
			sourceTree = "<group>";
		};
		AE5C612B27EF95B500690476 = {
			isa = PBXGroup;
			children = (
				AE5C613627EF95B500690476 /* Studybuddy */,
				AE5C614D27EF95BE00690476 /* StudybuddyTests */,
				AE5C615727EF95BE00690476 /* StudybuddyUITests */,
				AE5C613527EF95B500690476 /* Products */,
				94C6AA434DF6586422880474 /* Pods */,
				D436E8EDA2B9B1259BA0C9E9 /* Frameworks */,
			);
			sourceTree = "<group>";
		};
		AE5C613527EF95B500690476 /* Products */ = {
			isa = PBXGroup;
			children = (
				AE5C613427EF95B500690476 /* Studybuddy.app */,
				AE5C614A27EF95BE00690476 /* StudybuddyTests.xctest */,
				AE5C615427EF95BE00690476 /* StudybuddyUITests.xctest */,
			);
			name = Products;
			sourceTree = "<group>";
		};
		AE5C613627EF95B500690476 /* Studybuddy */ = {
			isa = PBXGroup;
			children = (
				AE5C613727EF95B500690476 /* AppDelegate.swift */,
				AE5C613927EF95B500690476 /* SceneDelegate.swift */,
				AE5C613D27EF95B500690476 /* Main.storyboard */,
				AE5C614027EF95BD00690476 /* Assets.xcassets */,
				AE5C614227EF95BD00690476 /* LaunchScreen.storyboard */,
				AE5C614527EF95BD00690476 /* Info.plist */,
				8EFAECF227FD3B2A001E176C /* LoginViewController.swift */,
				8EFAECF427FD3B4C001E176C /* HomeViewController.swift */,
				B19B7A922800E8DD00F5B897 /* ProfileViewController.swift */,
				B19B7A942801329000F5B897 /* EditProfileViewController.swift */,
				B19B7A962801611300F5B897 /* FriendsViewController.swift */,
				B19B7A982801613100F5B897 /* ChatViewController.swift */,
			);
			path = Studybuddy;
			sourceTree = "<group>";
		};
		AE5C614D27EF95BE00690476 /* StudybuddyTests */ = {
			isa = PBXGroup;
			children = (
				AE5C614E27EF95BE00690476 /* StudybuddyTests.swift */,
			);
			path = StudybuddyTests;
			sourceTree = "<group>";
		};
		AE5C615727EF95BE00690476 /* StudybuddyUITests */ = {
			isa = PBXGroup;
			children = (
				AE5C615827EF95BE00690476 /* StudybuddyUITests.swift */,
				AE5C615A27EF95BE00690476 /* StudybuddyUITestsLaunchTests.swift */,
			);
			path = StudybuddyUITests;
			sourceTree = "<group>";
		};
		D436E8EDA2B9B1259BA0C9E9 /* Frameworks */ = {
			isa = PBXGroup;
			children = (
				CA6DA11F363897793B0E8182 /* Pods_Studybuddy.framework */,
			);
			name = Frameworks;
			sourceTree = "<group>";
		};
/* End PBXGroup section */

/* Begin PBXNativeTarget section */
		AE5C613327EF95B500690476 /* Studybuddy */ = {
			isa = PBXNativeTarget;
			buildConfigurationList = AE5C615E27EF95BE00690476 /* Build configuration list for PBXNativeTarget "Studybuddy" */;
			buildPhases = (
				8FF974547C06C971F9938F21 /* [CP] Check Pods Manifest.lock */,
				AE5C613027EF95B500690476 /* Sources */,
				AE5C613127EF95B500690476 /* Frameworks */,
				AE5C613227EF95B500690476 /* Resources */,
				D0639F3964531954CA34B1A5 /* [CP] Embed Pods Frameworks */,
			);
			buildRules = (
			);
			dependencies = (
			);
			name = Studybuddy;
			productName = Studybuddy;
			productReference = AE5C613427EF95B500690476 /* Studybuddy.app */;
			productType = "com.apple.product-type.application";
		};
		AE5C614927EF95BE00690476 /* StudybuddyTests */ = {
			isa = PBXNativeTarget;
			buildConfigurationList = AE5C616127EF95BE00690476 /* Build configuration list for PBXNativeTarget "StudybuddyTests" */;
			buildPhases = (
				AE5C614627EF95BE00690476 /* Sources */,
				AE5C614727EF95BE00690476 /* Frameworks */,
				AE5C614827EF95BE00690476 /* Resources */,
			);
			buildRules = (
			);
			dependencies = (
				AE5C614C27EF95BE00690476 /* PBXTargetDependency */,
			);
			name = StudybuddyTests;
			productName = StudybuddyTests;
			productReference = AE5C614A27EF95BE00690476 /* StudybuddyTests.xctest */;
			productType = "com.apple.product-type.bundle.unit-test";
		};
		AE5C615327EF95BE00690476 /* StudybuddyUITests */ = {
			isa = PBXNativeTarget;
			buildConfigurationList = AE5C616427EF95BE00690476 /* Build configuration list for PBXNativeTarget "StudybuddyUITests" */;
			buildPhases = (
				AE5C615027EF95BE00690476 /* Sources */,
				AE5C615127EF95BE00690476 /* Frameworks */,
				AE5C615227EF95BE00690476 /* Resources */,
			);
			buildRules = (
			);
			dependencies = (
				AE5C615627EF95BE00690476 /* PBXTargetDependency */,
			);
			name = StudybuddyUITests;
			productName = StudybuddyUITests;
			productReference = AE5C615427EF95BE00690476 /* StudybuddyUITests.xctest */;
			productType = "com.apple.product-type.bundle.ui-testing";
		};
/* End PBXNativeTarget section */

/* Begin PBXProject section */
		AE5C612C27EF95B500690476 /* Project object */ = {
			isa = PBXProject;
			attributes = {
				BuildIndependentTargetsInParallel = 1;
				LastSwiftUpdateCheck = 1320;
				LastUpgradeCheck = 1320;
				TargetAttributes = {
					AE5C613327EF95B500690476 = {
						CreatedOnToolsVersion = 13.2.1;
					};
					AE5C614927EF95BE00690476 = {
						CreatedOnToolsVersion = 13.2.1;
						TestTargetID = AE5C613327EF95B500690476;
					};
					AE5C615327EF95BE00690476 = {
						CreatedOnToolsVersion = 13.2.1;
						TestTargetID = AE5C613327EF95B500690476;
					};
				};
			};
			buildConfigurationList = AE5C612F27EF95B500690476 /* Build configuration list for PBXProject "Studybuddy" */;
			compatibilityVersion = "Xcode 13.0";
			developmentRegion = en;
			hasScannedForEncodings = 0;
			knownRegions = (
				en,
				Base,
			);
			mainGroup = AE5C612B27EF95B500690476;
			productRefGroup = AE5C613527EF95B500690476 /* Products */;
			projectDirPath = "";
			projectRoot = "";
			targets = (
				AE5C613327EF95B500690476 /* Studybuddy */,
				AE5C614927EF95BE00690476 /* StudybuddyTests */,
				AE5C615327EF95BE00690476 /* StudybuddyUITests */,
			);
		};
/* End PBXProject section */

/* Begin PBXResourcesBuildPhase section */
		AE5C613227EF95B500690476 /* Resources */ = {
			isa = PBXResourcesBuildPhase;
			buildActionMask = 2147483647;
			files = (
				AE5C614427EF95BD00690476 /* LaunchScreen.storyboard in Resources */,
				AE5C614127EF95BD00690476 /* Assets.xcassets in Resources */,
				AE5C613F27EF95B500690476 /* Main.storyboard in Resources */,
			);
			runOnlyForDeploymentPostprocessing = 0;
		};
		AE5C614827EF95BE00690476 /* Resources */ = {
			isa = PBXResourcesBuildPhase;
			buildActionMask = 2147483647;
			files = (
			);
			runOnlyForDeploymentPostprocessing = 0;
		};
		AE5C615227EF95BE00690476 /* Resources */ = {
			isa = PBXResourcesBuildPhase;
			buildActionMask = 2147483647;
			files = (
			);
			runOnlyForDeploymentPostprocessing = 0;
		};
/* End PBXResourcesBuildPhase section */

/* Begin PBXShellScriptBuildPhase section */
		8FF974547C06C971F9938F21 /* [CP] Check Pods Manifest.lock */ = {
			isa = PBXShellScriptBuildPhase;
			buildActionMask = 2147483647;
			files = (
			);
			inputFileListPaths = (
			);
			inputPaths = (
				"${PODS_PODFILE_DIR_PATH}/Podfile.lock",
				"${PODS_ROOT}/Manifest.lock",
			);
			name = "[CP] Check Pods Manifest.lock";
			outputFileListPaths = (
			);
			outputPaths = (
				"$(DERIVED_FILE_DIR)/Pods-Studybuddy-checkManifestLockResult.txt",
			);
			runOnlyForDeploymentPostprocessing = 0;
			shellPath = /bin/sh;
			shellScript = "diff \"${PODS_PODFILE_DIR_PATH}/Podfile.lock\" \"${PODS_ROOT}/Manifest.lock\" > /dev/null\nif [ $? != 0 ] ; then\n    # print error to STDERR\n    echo \"error: The sandbox is not in sync with the Podfile.lock. Run 'pod install' or update your CocoaPods installation.\" >&2\n    exit 1\nfi\n# This output is used by Xcode 'outputs' to avoid re-running this script phase.\necho \"SUCCESS\" > \"${SCRIPT_OUTPUT_FILE_0}\"\n";
			showEnvVarsInLog = 0;
		};
		D0639F3964531954CA34B1A5 /* [CP] Embed Pods Frameworks */ = {
			isa = PBXShellScriptBuildPhase;
			buildActionMask = 2147483647;
			files = (
			);
			inputFileListPaths = (
				"${PODS_ROOT}/Target Support Files/Pods-Studybuddy/Pods-Studybuddy-frameworks-${CONFIGURATION}-input-files.xcfilelist",
			);
			name = "[CP] Embed Pods Frameworks";
			outputFileListPaths = (
				"${PODS_ROOT}/Target Support Files/Pods-Studybuddy/Pods-Studybuddy-frameworks-${CONFIGURATION}-output-files.xcfilelist",
			);
			runOnlyForDeploymentPostprocessing = 0;
			shellPath = /bin/sh;
			shellScript = "\"${PODS_ROOT}/Target Support Files/Pods-Studybuddy/Pods-Studybuddy-frameworks.sh\"\n";
			showEnvVarsInLog = 0;
		};
/* End PBXShellScriptBuildPhase section */

/* Begin PBXSourcesBuildPhase section */
		AE5C613027EF95B500690476 /* Sources */ = {
			isa = PBXSourcesBuildPhase;
			buildActionMask = 2147483647;
			files = (
				8EFAECF327FD3B2A001E176C /* LoginViewController.swift in Sources */,
				AE5C613827EF95B500690476 /* AppDelegate.swift in Sources */,
				B19B7A992801613100F5B897 /* ChatViewController.swift in Sources */,
				B19B7A952801329000F5B897 /* EditProfileViewController.swift in Sources */,
				B19B7A932800E8DD00F5B897 /* ProfileViewController.swift in Sources */,
				B19B7A972801611300F5B897 /* FriendsViewController.swift in Sources */,
				AE5C613A27EF95B500690476 /* SceneDelegate.swift in Sources */,
				8EFAECF527FD3B4C001E176C /* HomeViewController.swift in Sources */,
			);
			runOnlyForDeploymentPostprocessing = 0;
		};
		AE5C614627EF95BE00690476 /* Sources */ = {
			isa = PBXSourcesBuildPhase;
			buildActionMask = 2147483647;
			files = (
				AE5C614F27EF95BE00690476 /* StudybuddyTests.swift in Sources */,
			);
			runOnlyForDeploymentPostprocessing = 0;
		};
		AE5C615027EF95BE00690476 /* Sources */ = {
			isa = PBXSourcesBuildPhase;
			buildActionMask = 2147483647;
			files = (
				AE5C615927EF95BE00690476 /* StudybuddyUITests.swift in Sources */,
				AE5C615B27EF95BE00690476 /* StudybuddyUITestsLaunchTests.swift in Sources */,
			);
			runOnlyForDeploymentPostprocessing = 0;
		};
/* End PBXSourcesBuildPhase section */

/* Begin PBXTargetDependency section */
		AE5C614C27EF95BE00690476 /* PBXTargetDependency */ = {
			isa = PBXTargetDependency;
			target = AE5C613327EF95B500690476 /* Studybuddy */;
			targetProxy = AE5C614B27EF95BE00690476 /* PBXContainerItemProxy */;
		};
		AE5C615627EF95BE00690476 /* PBXTargetDependency */ = {
			isa = PBXTargetDependency;
			target = AE5C613327EF95B500690476 /* Studybuddy */;
			targetProxy = AE5C615527EF95BE00690476 /* PBXContainerItemProxy */;
		};
/* End PBXTargetDependency section */

/* Begin PBXVariantGroup section */
		AE5C613D27EF95B500690476 /* Main.storyboard */ = {
			isa = PBXVariantGroup;
			children = (
				AE5C613E27EF95B500690476 /* Base */,
			);
			name = Main.storyboard;
			sourceTree = "<group>";
		};
		AE5C614227EF95BD00690476 /* LaunchScreen.storyboard */ = {
			isa = PBXVariantGroup;
			children = (
				AE5C614327EF95BD00690476 /* Base */,
			);
			name = LaunchScreen.storyboard;
			sourceTree = "<group>";
		};
/* End PBXVariantGroup section */

/* Begin XCBuildConfiguration section */
		AE5C615C27EF95BE00690476 /* Debug */ = {
			isa = XCBuildConfiguration;
			buildSettings = {
				ALWAYS_SEARCH_USER_PATHS = NO;
				CLANG_ANALYZER_NONNULL = YES;
				CLANG_ANALYZER_NUMBER_OBJECT_CONVERSION = YES_AGGRESSIVE;
				CLANG_CXX_LANGUAGE_STANDARD = "gnu++17";
				CLANG_CXX_LIBRARY = "libc++";
				CLANG_ENABLE_MODULES = YES;
				CLANG_ENABLE_OBJC_ARC = YES;
				CLANG_ENABLE_OBJC_WEAK = YES;
				CLANG_WARN_BLOCK_CAPTURE_AUTORELEASING = YES;
				CLANG_WARN_BOOL_CONVERSION = YES;
				CLANG_WARN_COMMA = YES;
				CLANG_WARN_CONSTANT_CONVERSION = YES;
				CLANG_WARN_DEPRECATED_OBJC_IMPLEMENTATIONS = YES;
				CLANG_WARN_DIRECT_OBJC_ISA_USAGE = YES_ERROR;
				CLANG_WARN_DOCUMENTATION_COMMENTS = YES;
				CLANG_WARN_EMPTY_BODY = YES;
				CLANG_WARN_ENUM_CONVERSION = YES;
				CLANG_WARN_INFINITE_RECURSION = YES;
				CLANG_WARN_INT_CONVERSION = YES;
				CLANG_WARN_NON_LITERAL_NULL_CONVERSION = YES;
				CLANG_WARN_OBJC_IMPLICIT_RETAIN_SELF = YES;
				CLANG_WARN_OBJC_LITERAL_CONVERSION = YES;
				CLANG_WARN_OBJC_ROOT_CLASS = YES_ERROR;
				CLANG_WARN_QUOTED_INCLUDE_IN_FRAMEWORK_HEADER = YES;
				CLANG_WARN_RANGE_LOOP_ANALYSIS = YES;
				CLANG_WARN_STRICT_PROTOTYPES = YES;
				CLANG_WARN_SUSPICIOUS_MOVE = YES;
				CLANG_WARN_UNGUARDED_AVAILABILITY = YES_AGGRESSIVE;
				CLANG_WARN_UNREACHABLE_CODE = YES;
				CLANG_WARN__DUPLICATE_METHOD_MATCH = YES;
				COPY_PHASE_STRIP = NO;
				DEBUG_INFORMATION_FORMAT = dwarf;
				ENABLE_STRICT_OBJC_MSGSEND = YES;
				ENABLE_TESTABILITY = YES;
				GCC_C_LANGUAGE_STANDARD = gnu11;
				GCC_DYNAMIC_NO_PIC = NO;
				GCC_NO_COMMON_BLOCKS = YES;
				GCC_OPTIMIZATION_LEVEL = 0;
				GCC_PREPROCESSOR_DEFINITIONS = (
					"DEBUG=1",
					"$(inherited)",
				);
				GCC_WARN_64_TO_32_BIT_CONVERSION = YES;
				GCC_WARN_ABOUT_RETURN_TYPE = YES_ERROR;
				GCC_WARN_UNDECLARED_SELECTOR = YES;
				GCC_WARN_UNINITIALIZED_AUTOS = YES_AGGRESSIVE;
				GCC_WARN_UNUSED_FUNCTION = YES;
				GCC_WARN_UNUSED_VARIABLE = YES;
				IPHONEOS_DEPLOYMENT_TARGET = 15.2;
				MTL_ENABLE_DEBUG_INFO = INCLUDE_SOURCE;
				MTL_FAST_MATH = YES;
				ONLY_ACTIVE_ARCH = YES;
				SDKROOT = iphoneos;
				SWIFT_ACTIVE_COMPILATION_CONDITIONS = DEBUG;
				SWIFT_OPTIMIZATION_LEVEL = "-Onone";
			};
			name = Debug;
		};
		AE5C615D27EF95BE00690476 /* Release */ = {
			isa = XCBuildConfiguration;
			buildSettings = {
				ALWAYS_SEARCH_USER_PATHS = NO;
				CLANG_ANALYZER_NONNULL = YES;
				CLANG_ANALYZER_NUMBER_OBJECT_CONVERSION = YES_AGGRESSIVE;
				CLANG_CXX_LANGUAGE_STANDARD = "gnu++17";
				CLANG_CXX_LIBRARY = "libc++";
				CLANG_ENABLE_MODULES = YES;
				CLANG_ENABLE_OBJC_ARC = YES;
				CLANG_ENABLE_OBJC_WEAK = YES;
				CLANG_WARN_BLOCK_CAPTURE_AUTORELEASING = YES;
				CLANG_WARN_BOOL_CONVERSION = YES;
				CLANG_WARN_COMMA = YES;
				CLANG_WARN_CONSTANT_CONVERSION = YES;
				CLANG_WARN_DEPRECATED_OBJC_IMPLEMENTATIONS = YES;
				CLANG_WARN_DIRECT_OBJC_ISA_USAGE = YES_ERROR;
				CLANG_WARN_DOCUMENTATION_COMMENTS = YES;
				CLANG_WARN_EMPTY_BODY = YES;
				CLANG_WARN_ENUM_CONVERSION = YES;
				CLANG_WARN_INFINITE_RECURSION = YES;
				CLANG_WARN_INT_CONVERSION = YES;
				CLANG_WARN_NON_LITERAL_NULL_CONVERSION = YES;
				CLANG_WARN_OBJC_IMPLICIT_RETAIN_SELF = YES;
				CLANG_WARN_OBJC_LITERAL_CONVERSION = YES;
				CLANG_WARN_OBJC_ROOT_CLASS = YES_ERROR;
				CLANG_WARN_QUOTED_INCLUDE_IN_FRAMEWORK_HEADER = YES;
				CLANG_WARN_RANGE_LOOP_ANALYSIS = YES;
				CLANG_WARN_STRICT_PROTOTYPES = YES;
				CLANG_WARN_SUSPICIOUS_MOVE = YES;
				CLANG_WARN_UNGUARDED_AVAILABILITY = YES_AGGRESSIVE;
				CLANG_WARN_UNREACHABLE_CODE = YES;
				CLANG_WARN__DUPLICATE_METHOD_MATCH = YES;
				COPY_PHASE_STRIP = NO;
				DEBUG_INFORMATION_FORMAT = "dwarf-with-dsym";
				ENABLE_NS_ASSERTIONS = NO;
				ENABLE_STRICT_OBJC_MSGSEND = YES;
				GCC_C_LANGUAGE_STANDARD = gnu11;
				GCC_NO_COMMON_BLOCKS = YES;
				GCC_WARN_64_TO_32_BIT_CONVERSION = YES;
				GCC_WARN_ABOUT_RETURN_TYPE = YES_ERROR;
				GCC_WARN_UNDECLARED_SELECTOR = YES;
				GCC_WARN_UNINITIALIZED_AUTOS = YES_AGGRESSIVE;
				GCC_WARN_UNUSED_FUNCTION = YES;
				GCC_WARN_UNUSED_VARIABLE = YES;
				IPHONEOS_DEPLOYMENT_TARGET = 15.2;
				MTL_ENABLE_DEBUG_INFO = NO;
				MTL_FAST_MATH = YES;
				SDKROOT = iphoneos;
				SWIFT_COMPILATION_MODE = wholemodule;
				SWIFT_OPTIMIZATION_LEVEL = "-O";
				VALIDATE_PRODUCT = YES;
			};
			name = Release;
		};
		AE5C615F27EF95BE00690476 /* Debug */ = {
			isa = XCBuildConfiguration;
			baseConfigurationReference = 8992C0760D439A93D6F2E9BB /* Pods-Studybuddy.debug.xcconfig */;
			buildSettings = {
				ASSETCATALOG_COMPILER_APPICON_NAME = AppIcon;
				ASSETCATALOG_COMPILER_GLOBAL_ACCENT_COLOR_NAME = AccentColor;
				CODE_SIGN_STYLE = Automatic;
				CURRENT_PROJECT_VERSION = 1;
				DEVELOPMENT_TEAM = LXYCHK4M6Z;
				GENERATE_INFOPLIST_FILE = YES;
				INFOPLIST_FILE = Studybuddy/Info.plist;
				INFOPLIST_KEY_UIApplicationSupportsIndirectInputEvents = YES;
				INFOPLIST_KEY_UILaunchStoryboardName = LaunchScreen;
				INFOPLIST_KEY_UIMainStoryboardFile = Main;
				INFOPLIST_KEY_UISupportedInterfaceOrientations_iPad = "UIInterfaceOrientationPortrait UIInterfaceOrientationPortraitUpsideDown UIInterfaceOrientationLandscapeLeft UIInterfaceOrientationLandscapeRight";
				INFOPLIST_KEY_UISupportedInterfaceOrientations_iPhone = "UIInterfaceOrientationPortrait UIInterfaceOrientationLandscapeLeft UIInterfaceOrientationLandscapeRight";
				IPHONEOS_DEPLOYMENT_TARGET = 15.0;
				LD_RUNPATH_SEARCH_PATHS = (
					"$(inherited)",
					"@executable_path/Frameworks",
				);
				MARKETING_VERSION = 1.0;
				PRODUCT_BUNDLE_IDENTIFIER = com.emma.mq.jin.Studybuddy;
				PRODUCT_NAME = "$(TARGET_NAME)";
				SWIFT_EMIT_LOC_STRINGS = YES;
				SWIFT_VERSION = 5.0;
				TARGETED_DEVICE_FAMILY = "1,2";
			};
			name = Debug;
		};
		AE5C616027EF95BE00690476 /* Release */ = {
			isa = XCBuildConfiguration;
			baseConfigurationReference = D07C9A5CC6F9EF03373336CF /* Pods-Studybuddy.release.xcconfig */;
			buildSettings = {
				ASSETCATALOG_COMPILER_APPICON_NAME = AppIcon;
				ASSETCATALOG_COMPILER_GLOBAL_ACCENT_COLOR_NAME = AccentColor;
				CODE_SIGN_STYLE = Automatic;
				CURRENT_PROJECT_VERSION = 1;
				DEVELOPMENT_TEAM = LXYCHK4M6Z;
				GENERATE_INFOPLIST_FILE = YES;
				INFOPLIST_FILE = Studybuddy/Info.plist;
				INFOPLIST_KEY_UIApplicationSupportsIndirectInputEvents = YES;
				INFOPLIST_KEY_UILaunchStoryboardName = LaunchScreen;
				INFOPLIST_KEY_UIMainStoryboardFile = Main;
				INFOPLIST_KEY_UISupportedInterfaceOrientations_iPad = "UIInterfaceOrientationPortrait UIInterfaceOrientationPortraitUpsideDown UIInterfaceOrientationLandscapeLeft UIInterfaceOrientationLandscapeRight";
				INFOPLIST_KEY_UISupportedInterfaceOrientations_iPhone = "UIInterfaceOrientationPortrait UIInterfaceOrientationLandscapeLeft UIInterfaceOrientationLandscapeRight";
				IPHONEOS_DEPLOYMENT_TARGET = 15.0;
				LD_RUNPATH_SEARCH_PATHS = (
					"$(inherited)",
					"@executable_path/Frameworks",
				);
				MARKETING_VERSION = 1.0;
				PRODUCT_BUNDLE_IDENTIFIER = com.emma.mq.jin.Studybuddy;
				PRODUCT_NAME = "$(TARGET_NAME)";
				SWIFT_EMIT_LOC_STRINGS = YES;
				SWIFT_VERSION = 5.0;
				TARGETED_DEVICE_FAMILY = "1,2";
			};
			name = Release;
		};
		AE5C616227EF95BE00690476 /* Debug */ = {
			isa = XCBuildConfiguration;
			buildSettings = {
				ALWAYS_EMBED_SWIFT_STANDARD_LIBRARIES = YES;
				BUNDLE_LOADER = "$(TEST_HOST)";
				CODE_SIGN_STYLE = Automatic;
				CURRENT_PROJECT_VERSION = 1;
				DEVELOPMENT_TEAM = LXYCHK4M6Z;
				GENERATE_INFOPLIST_FILE = YES;
				IPHONEOS_DEPLOYMENT_TARGET = 15.2;
				MARKETING_VERSION = 1.0;
				PRODUCT_BUNDLE_IDENTIFIER = shivpvtel.StudybuddyTests;
				PRODUCT_NAME = "$(TARGET_NAME)";
				SWIFT_EMIT_LOC_STRINGS = NO;
				SWIFT_VERSION = 5.0;
				TARGETED_DEVICE_FAMILY = "1,2";
				TEST_HOST = "$(BUILT_PRODUCTS_DIR)/Studybuddy.app/Studybuddy";
			};
			name = Debug;
		};
		AE5C616327EF95BE00690476 /* Release */ = {
			isa = XCBuildConfiguration;
			buildSettings = {
				ALWAYS_EMBED_SWIFT_STANDARD_LIBRARIES = YES;
				BUNDLE_LOADER = "$(TEST_HOST)";
				CODE_SIGN_STYLE = Automatic;
				CURRENT_PROJECT_VERSION = 1;
				DEVELOPMENT_TEAM = LXYCHK4M6Z;
				GENERATE_INFOPLIST_FILE = YES;
				IPHONEOS_DEPLOYMENT_TARGET = 15.2;
				MARKETING_VERSION = 1.0;
				PRODUCT_BUNDLE_IDENTIFIER = shivpvtel.StudybuddyTests;
				PRODUCT_NAME = "$(TARGET_NAME)";
				SWIFT_EMIT_LOC_STRINGS = NO;
				SWIFT_VERSION = 5.0;
				TARGETED_DEVICE_FAMILY = "1,2";
				TEST_HOST = "$(BUILT_PRODUCTS_DIR)/Studybuddy.app/Studybuddy";
			};
			name = Release;
		};
		AE5C616527EF95BE00690476 /* Debug */ = {
			isa = XCBuildConfiguration;
			buildSettings = {
				ALWAYS_EMBED_SWIFT_STANDARD_LIBRARIES = YES;
				CODE_SIGN_STYLE = Automatic;
				CURRENT_PROJECT_VERSION = 1;
				DEVELOPMENT_TEAM = LXYCHK4M6Z;
				GENERATE_INFOPLIST_FILE = YES;
				MARKETING_VERSION = 1.0;
				PRODUCT_BUNDLE_IDENTIFIER = shivpvtel.StudybuddyUITests;
				PRODUCT_NAME = "$(TARGET_NAME)";
				SWIFT_EMIT_LOC_STRINGS = NO;
				SWIFT_VERSION = 5.0;
				TARGETED_DEVICE_FAMILY = "1,2";
				TEST_TARGET_NAME = Studybuddy;
			};
			name = Debug;
		};
		AE5C616627EF95BE00690476 /* Release */ = {
			isa = XCBuildConfiguration;
			buildSettings = {
				ALWAYS_EMBED_SWIFT_STANDARD_LIBRARIES = YES;
				CODE_SIGN_STYLE = Automatic;
				CURRENT_PROJECT_VERSION = 1;
				DEVELOPMENT_TEAM = LXYCHK4M6Z;
				GENERATE_INFOPLIST_FILE = YES;
				MARKETING_VERSION = 1.0;
				PRODUCT_BUNDLE_IDENTIFIER = shivpvtel.StudybuddyUITests;
				PRODUCT_NAME = "$(TARGET_NAME)";
				SWIFT_EMIT_LOC_STRINGS = NO;
				SWIFT_VERSION = 5.0;
				TARGETED_DEVICE_FAMILY = "1,2";
				TEST_TARGET_NAME = Studybuddy;
			};
			name = Release;
		};
/* End XCBuildConfiguration section */

/* Begin XCConfigurationList section */
		AE5C612F27EF95B500690476 /* Build configuration list for PBXProject "Studybuddy" */ = {
			isa = XCConfigurationList;
			buildConfigurations = (
				AE5C615C27EF95BE00690476 /* Debug */,
				AE5C615D27EF95BE00690476 /* Release */,
			);
			defaultConfigurationIsVisible = 0;
			defaultConfigurationName = Release;
		};
		AE5C615E27EF95BE00690476 /* Build configuration list for PBXNativeTarget "Studybuddy" */ = {
			isa = XCConfigurationList;
			buildConfigurations = (
				AE5C615F27EF95BE00690476 /* Debug */,
				AE5C616027EF95BE00690476 /* Release */,
			);
			defaultConfigurationIsVisible = 0;
			defaultConfigurationName = Release;
		};
		AE5C616127EF95BE00690476 /* Build configuration list for PBXNativeTarget "StudybuddyTests" */ = {
			isa = XCConfigurationList;
			buildConfigurations = (
				AE5C616227EF95BE00690476 /* Debug */,
				AE5C616327EF95BE00690476 /* Release */,
			);
			defaultConfigurationIsVisible = 0;
			defaultConfigurationName = Release;
		};
		AE5C616427EF95BE00690476 /* Build configuration list for PBXNativeTarget "StudybuddyUITests" */ = {
			isa = XCConfigurationList;
			buildConfigurations = (
				AE5C616527EF95BE00690476 /* Debug */,
				AE5C616627EF95BE00690476 /* Release */,
			);
			defaultConfigurationIsVisible = 0;
			defaultConfigurationName = Release;
		};
/* End XCConfigurationList section */
	};
	rootObject = AE5C612C27EF95B500690476 /* Project object */;
}
